
Microsoft Visual Studio Solution File, Format Version 12.00
# Visual Studio Version 17
VisualStudioVersion = 17.5.002.0
MinimumVisualStudioVersion = 10.0.40219.1
Project("{9A19103F-16F7-4668-BE54-9A1E7A4F7556}") = "SocialiseBackend", "SocialiseBackend.csproj", "{DE6BDC04-E920-4F36-9F9E-4D6982E149FC}"
EndProject
Global
	GlobalSection(SolutionConfigurationPlatforms) = preSolution
		Debug|Any CPU = Debug|Any CPU
		Release|Any CPU = Release|Any CPU
	EndGlobalSection
	GlobalSection(ProjectConfigurationPlatforms) = postSolution
		{DE6BDC04-E920-4F36-9F9E-4D6982E149FC}.Debug|Any CPU.ActiveCfg = Debug|Any CPU
		{DE6BDC04-E920-4F36-9F9E-4D6982E149FC}.Debug|Any CPU.Build.0 = Debug|Any CPU
		{DE6BDC04-E920-4F36-9F9E-4D6982E149FC}.Release|Any CPU.ActiveCfg = Release|Any CPU
		{DE6BDC04-E920-4F36-9F9E-4D6982E149FC}.Release|Any CPU.Build.0 = Release|Any CPU
	EndGlobalSection
	GlobalSection(SolutionProperties) = preSolution
		HideSolutionNode = FALSE
	EndGlobalSection
	GlobalSection(ExtensibilityGlobals) = postSolution
		SolutionGuid = {7D308A09-0130-4932-8023-22A57DCC8299}
	EndGlobalSection
EndGlobal
